
Microsoft Visual Studio Solution File, Format Version 12.00
# Visual Studio Version 16
VisualStudioVersion = 16.0.31911.196
MinimumVisualStudioVersion = 10.0.40219.1
Project("{9A19103F-16F7-4668-BE54-9A1E7A4F7556}") = "TrumpfNetCoreClientExamples", "TrumpfNetCoreClientExamples\TrumpfNetCoreClientExamples.csproj", "{C6AE5ABF-E03C-4E6E-8FB4-A2B0AA62DDE0}"
EndProject
Global
	GlobalSection(SolutionConfigurationPlatforms) = preSolution
		Debug|Any CPU = Debug|Any CPU
		Release|Any CPU = Release|Any CPU
	EndGlobalSection
	GlobalSection(ProjectConfigurationPlatforms) = postSolution
		{C6AE5ABF-E03C-4E6E-8FB4-A2B0AA62DDE0}.Debug|Any CPU.ActiveCfg = Debug|Any CPU
		{C6AE5ABF-E03C-4E6E-8FB4-A2B0AA62DDE0}.Debug|Any CPU.Build.0 = Debug|Any CPU
		{C6AE5ABF-E03C-4E6E-8FB4-A2B0AA62DDE0}.Release|Any CPU.ActiveCfg = Release|Any CPU
		{C6AE5ABF-E03C-4E6E-8FB4-A2B0AA62DDE0}.Release|Any CPU.Build.0 = Release|Any CPU
	EndGlobalSection
	GlobalSection(SolutionProperties) = preSolution
		HideSolutionNode = FALSE
	EndGlobalSection
	GlobalSection(ExtensibilityGlobals) = postSolution
		SolutionGuid = {41A34CD0-FD60-4642-BA96-633847DE49A1}
	EndGlobalSection
EndGlobal
